Microsoft Visual Studio Solution File, Format Version 11.00
# Visual Studio 2010
Project("{FAE04EC0-301F-11D3-BF4B-00C04F79EFBC}") = "T191577", "T191577\T191577.csproj", "{BCED106E-3B8C-4F37-96DC-C300A4E95DAB}"
EndProject
Global
	GlobalSection(SolutionConfigurationPlatforms) = preSolution
		Debug|Any CPU = Debug|Any CPU
		Release|Any CPU = Release|Any CPU
	EndGlobalSection
	GlobalSection(ProjectConfigurationPlatforms) = postSolution
		{BCED106E-3B8C-4F37-96DC-C300A4E95DAB}.Debug|Any CPU.ActiveCfg = Debug|Any CPU
		{BCED106E-3B8C-4F37-96DC-C300A4E95DAB}.Debug|Any CPU.Build.0 = Debug|Any CPU
		{BCED106E-3B8C-4F37-96DC-C300A4E95DAB}.Release|Any CPU.ActiveCfg = Release|Any CPU
		{BCED106E-3B8C-4F37-96DC-C300A4E95DAB}.Release|Any CPU.Build.0 = Release|Any CPU
	EndGlobalSection
	GlobalSection(SolutionProperties) = preSolution
		HideSolutionNode = FALSE
	EndGlobalSection
EndGlobal
